
Microsoft Visual Studio Solution File, Format Version 12.00
# Visual Studio Version 17
VisualStudioVersion = 17.3.32811.315
MinimumVisualStudioVersion = 10.0.40219.1
Project("{FAE04EC0-301F-11D3-BF4B-00C04F79EFBC}") = "MatrixNumbers", "MatrixNumbers\MatrixNumbers.csproj", "{05BDFA18-41D5-4249-9F38-2C0D2294BF40}"
EndProject
Global
	GlobalSection(SolutionConfigurationPlatforms) = preSolution
		Debug|Any CPU = Debug|Any CPU
		Release|Any CPU = Release|Any CPU
	EndGlobalSection
	GlobalSection(ProjectConfigurationPlatforms) = postSolution
		{05BDFA18-41D5-4249-9F38-2C0D2294BF40}.Debug|Any CPU.ActiveCfg = Debug|Any CPU
		{05BDFA18-41D5-4249-9F38-2C0D2294BF40}.Debug|Any CPU.Build.0 = Debug|Any CPU
		{05BDFA18-41D5-4249-9F38-2C0D2294BF40}.Release|Any CPU.ActiveCfg = Release|Any CPU
		{05BDFA18-41D5-4249-9F38-2C0D2294BF40}.Release|Any CPU.Build.0 = Release|Any CPU
	EndGlobalSection
	GlobalSection(SolutionProperties) = preSolution
		HideSolutionNode = FALSE
	EndGlobalSection
	GlobalSection(ExtensibilityGlobals) = postSolution
		SolutionGuid = {7567A34D-5187-4887-B1C6-39AA953F347A}
	EndGlobalSection
EndGlobal
